
Microsoft Visual Studio Solution File, Format Version 11.00
# Visual Studio 2010
Project("{FAE04EC0-301F-11D3-BF4B-00C04F79EFBC}") = "Unity18", "Assembly-CSharp-firstpass.csproj", "{FA3735B7-970D-31E5-9141-F7A7B006DA79}"
EndProject
Project("{FAE04EC0-301F-11D3-BF4B-00C04F79EFBC}") = "Unity18", "Assembly-CSharp.csproj", "{6E3F3950-7FCD-710D-CB32-E5FA2AF1E7B2}"
EndProject
Project("{FAE04EC0-301F-11D3-BF4B-00C04F79EFBC}") = "Unity18", "Assembly-CSharp-Editor-firstpass.csproj", "{3E32F39D-A17D-1B66-F640-1C3D6A490161}"
EndProject
Global
	GlobalSection(SolutionConfigurationPlatforms) = preSolution
		Debug|Any CPU = Debug|Any CPU
		Release|Any CPU = Release|Any CPU
	EndGlobalSection
	GlobalSection(ProjectConfigurationPlatforms) = postSolution
		{FA3735B7-970D-31E5-9141-F7A7B006DA79}.Debug|Any CPU.ActiveCfg = Debug|Any CPU
		{FA3735B7-970D-31E5-9141-F7A7B006DA79}.Debug|Any CPU.Build.0 = Debug|Any CPU
		{FA3735B7-970D-31E5-9141-F7A7B006DA79}.Release|Any CPU.ActiveCfg = Release|Any CPU
		{FA3735B7-970D-31E5-9141-F7A7B006DA79}.Release|Any CPU.Build.0 = Release|Any CPU
		{6E3F3950-7FCD-710D-CB32-E5FA2AF1E7B2}.Debug|Any CPU.ActiveCfg = Debug|Any CPU
		{6E3F3950-7FCD-710D-CB32-E5FA2AF1E7B2}.Debug|Any CPU.Build.0 = Debug|Any CPU
		{6E3F3950-7FCD-710D-CB32-E5FA2AF1E7B2}.Release|Any CPU.ActiveCfg = Release|Any CPU
		{6E3F3950-7FCD-710D-CB32-E5FA2AF1E7B2}.Release|Any CPU.Build.0 = Release|Any CPU
		{3E32F39D-A17D-1B66-F640-1C3D6A490161}.Debug|Any CPU.ActiveCfg = Debug|Any CPU
		{3E32F39D-A17D-1B66-F640-1C3D6A490161}.Debug|Any CPU.Build.0 = Debug|Any CPU
		{3E32F39D-A17D-1B66-F640-1C3D6A490161}.Release|Any CPU.ActiveCfg = Release|Any CPU
		{3E32F39D-A17D-1B66-F640-1C3D6A490161}.Release|Any CPU.Build.0 = Release|Any CPU
	EndGlobalSection
	GlobalSection(SolutionProperties) = preSolution
		HideSolutionNode = FALSE
	EndGlobalSection
	GlobalSection(MonoDevelopProperties) = preSolution
		StartupItem = Assembly-CSharp.csproj
	EndGlobalSection
EndGlobal
