
Microsoft Visual Studio Solution File, Format Version 11.00
# Visual Studio 2010
Project("{FAE04EC0-301F-11D3-BF4B-00C04F79EFBC}") = "Unity13", "Assembly-CSharp-firstpass.csproj", "{673C2060-8804-036F-DAAD-7A5F49CB1957}"
EndProject
Project("{FAE04EC0-301F-11D3-BF4B-00C04F79EFBC}") = "Unity13", "Assembly-CSharp.csproj", "{78CAD977-9EE3-70F0-9B30-A932B6747953}"
EndProject
Project("{FAE04EC0-301F-11D3-BF4B-00C04F79EFBC}") = "Unity13", "Assembly-CSharp-Editor-firstpass.csproj", "{186FF264-1CB6-E4D8-AF29-F17ED9629C98}"
EndProject
Global
	GlobalSection(SolutionConfigurationPlatforms) = preSolution
		Debug|Any CPU = Debug|Any CPU
		Release|Any CPU = Release|Any CPU
	EndGlobalSection
	GlobalSection(ProjectConfigurationPlatforms) = postSolution
		{673C2060-8804-036F-DAAD-7A5F49CB1957}.Debug|Any CPU.ActiveCfg = Debug|Any CPU
		{673C2060-8804-036F-DAAD-7A5F49CB1957}.Debug|Any CPU.Build.0 = Debug|Any CPU
		{673C2060-8804-036F-DAAD-7A5F49CB1957}.Release|Any CPU.ActiveCfg = Release|Any CPU
		{673C2060-8804-036F-DAAD-7A5F49CB1957}.Release|Any CPU.Build.0 = Release|Any CPU
		{78CAD977-9EE3-70F0-9B30-A932B6747953}.Debug|Any CPU.ActiveCfg = Debug|Any CPU
		{78CAD977-9EE3-70F0-9B30-A932B6747953}.Debug|Any CPU.Build.0 = Debug|Any CPU
		{78CAD977-9EE3-70F0-9B30-A932B6747953}.Release|Any CPU.ActiveCfg = Release|Any CPU
		{78CAD977-9EE3-70F0-9B30-A932B6747953}.Release|Any CPU.Build.0 = Release|Any CPU
		{186FF264-1CB6-E4D8-AF29-F17ED9629C98}.Debug|Any CPU.ActiveCfg = Debug|Any CPU
		{186FF264-1CB6-E4D8-AF29-F17ED9629C98}.Debug|Any CPU.Build.0 = Debug|Any CPU
		{186FF264-1CB6-E4D8-AF29-F17ED9629C98}.Release|Any CPU.ActiveCfg = Release|Any CPU
		{186FF264-1CB6-E4D8-AF29-F17ED9629C98}.Release|Any CPU.Build.0 = Release|Any CPU
	EndGlobalSection
	GlobalSection(SolutionProperties) = preSolution
		HideSolutionNode = FALSE
	EndGlobalSection
	GlobalSection(MonoDevelopProperties) = preSolution
		StartupItem = Assembly-CSharp.csproj
	EndGlobalSection
EndGlobal
