
Microsoft Visual Studio Solution File, Format Version 11.00
# Visual Studio 2010
Project("{FAE04EC0-301F-11D3-BF4B-00C04F79EFBC}") = "Unity15", "Assembly-CSharp-firstpass.csproj", "{3B33F8DC-959E-265E-1DA7-748F0188F983}"
EndProject
Project("{FAE04EC0-301F-11D3-BF4B-00C04F79EFBC}") = "Unity15", "Assembly-CSharp.csproj", "{CBB7CD08-3741-B9D6-1139-76614EDC2D21}"
EndProject
Project("{FAE04EC0-301F-11D3-BF4B-00C04F79EFBC}") = "Unity15", "Assembly-CSharp-Editor-firstpass.csproj", "{3D726E65-2945-D620-86EC-E379C32E1349}"
EndProject
Global
	GlobalSection(SolutionConfigurationPlatforms) = preSolution
		Debug|Any CPU = Debug|Any CPU
		Release|Any CPU = Release|Any CPU
	EndGlobalSection
	GlobalSection(ProjectConfigurationPlatforms) = postSolution
		{3B33F8DC-959E-265E-1DA7-748F0188F983}.Debug|Any CPU.ActiveCfg = Debug|Any CPU
		{3B33F8DC-959E-265E-1DA7-748F0188F983}.Debug|Any CPU.Build.0 = Debug|Any CPU
		{3B33F8DC-959E-265E-1DA7-748F0188F983}.Release|Any CPU.ActiveCfg = Release|Any CPU
		{3B33F8DC-959E-265E-1DA7-748F0188F983}.Release|Any CPU.Build.0 = Release|Any CPU
		{CBB7CD08-3741-B9D6-1139-76614EDC2D21}.Debug|Any CPU.ActiveCfg = Debug|Any CPU
		{CBB7CD08-3741-B9D6-1139-76614EDC2D21}.Debug|Any CPU.Build.0 = Debug|Any CPU
		{CBB7CD08-3741-B9D6-1139-76614EDC2D21}.Release|Any CPU.ActiveCfg = Release|Any CPU
		{CBB7CD08-3741-B9D6-1139-76614EDC2D21}.Release|Any CPU.Build.0 = Release|Any CPU
		{3D726E65-2945-D620-86EC-E379C32E1349}.Debug|Any CPU.ActiveCfg = Debug|Any CPU
		{3D726E65-2945-D620-86EC-E379C32E1349}.Debug|Any CPU.Build.0 = Debug|Any CPU
		{3D726E65-2945-D620-86EC-E379C32E1349}.Release|Any CPU.ActiveCfg = Release|Any CPU
		{3D726E65-2945-D620-86EC-E379C32E1349}.Release|Any CPU.Build.0 = Release|Any CPU
	EndGlobalSection
	GlobalSection(SolutionProperties) = preSolution
		HideSolutionNode = FALSE
	EndGlobalSection
	GlobalSection(MonoDevelopProperties) = preSolution
		StartupItem = Assembly-CSharp.csproj
	EndGlobalSection
EndGlobal
