
Microsoft Visual Studio Solution File, Format Version 11.00
# Visual Studio 2010
Project("{FAE04EC0-301F-11D3-BF4B-00C04F79EFBC}") = "Unity25", "Assembly-CSharp-firstpass.csproj", "{059B02B3-B496-CB20-56CB-305D6BBCEA8C}"
EndProject
Project("{FAE04EC0-301F-11D3-BF4B-00C04F79EFBC}") = "Unity25", "Assembly-CSharp.csproj", "{BC6CFBBB-CE1A-03E4-571B-F739B71AF7D0}"
EndProject
Project("{FAE04EC0-301F-11D3-BF4B-00C04F79EFBC}") = "Unity25", "Assembly-CSharp-Editor-firstpass.csproj", "{D072D7E3-9C09-9C47-52D2-E6E052DBE640}"
EndProject
Global
	GlobalSection(SolutionConfigurationPlatforms) = preSolution
		Debug|Any CPU = Debug|Any CPU
		Release|Any CPU = Release|Any CPU
	EndGlobalSection
	GlobalSection(ProjectConfigurationPlatforms) = postSolution
		{059B02B3-B496-CB20-56CB-305D6BBCEA8C}.Debug|Any CPU.ActiveCfg = Debug|Any CPU
		{059B02B3-B496-CB20-56CB-305D6BBCEA8C}.Debug|Any CPU.Build.0 = Debug|Any CPU
		{059B02B3-B496-CB20-56CB-305D6BBCEA8C}.Release|Any CPU.ActiveCfg = Release|Any CPU
		{059B02B3-B496-CB20-56CB-305D6BBCEA8C}.Release|Any CPU.Build.0 = Release|Any CPU
		{BC6CFBBB-CE1A-03E4-571B-F739B71AF7D0}.Debug|Any CPU.ActiveCfg = Debug|Any CPU
		{BC6CFBBB-CE1A-03E4-571B-F739B71AF7D0}.Debug|Any CPU.Build.0 = Debug|Any CPU
		{BC6CFBBB-CE1A-03E4-571B-F739B71AF7D0}.Release|Any CPU.ActiveCfg = Release|Any CPU
		{BC6CFBBB-CE1A-03E4-571B-F739B71AF7D0}.Release|Any CPU.Build.0 = Release|Any CPU
		{D072D7E3-9C09-9C47-52D2-E6E052DBE640}.Debug|Any CPU.ActiveCfg = Debug|Any CPU
		{D072D7E3-9C09-9C47-52D2-E6E052DBE640}.Debug|Any CPU.Build.0 = Debug|Any CPU
		{D072D7E3-9C09-9C47-52D2-E6E052DBE640}.Release|Any CPU.ActiveCfg = Release|Any CPU
		{D072D7E3-9C09-9C47-52D2-E6E052DBE640}.Release|Any CPU.Build.0 = Release|Any CPU
	EndGlobalSection
	GlobalSection(SolutionProperties) = preSolution
		HideSolutionNode = FALSE
	EndGlobalSection
	GlobalSection(MonoDevelopProperties) = preSolution
		StartupItem = Assembly-CSharp.csproj
	EndGlobalSection
EndGlobal
